
Microsoft Visual Studio Solution File, Format Version 12.00
# Visual Studio Version 16
VisualStudioVersion = 16.0.30907.101
MinimumVisualStudioVersion = 10.0.40219.1
Project("{FAE04EC0-301F-11D3-BF4B-00C04F79EFBC}") = "1.ThreadBasic", "1.ThreadBasic\1.ThreadBasic.csproj", "{055F1916-6065-404C-A62B-5DC0204C9584}"
EndProject
Project("{FAE04EC0-301F-11D3-BF4B-00C04F79EFBC}") = "2.ThreadPool", "2.ThreadPool\2.ThreadPool.csproj", "{0A02CB34-7A1D-4C9C-8D27-6AA2F3BF8977}"
EndProject
Global
	GlobalSection(SolutionConfigurationPlatforms) = preSolution
		Debug|Any CPU = Debug|Any CPU
		Release|Any CPU = Release|Any CPU
	EndGlobalSection
	GlobalSection(ProjectConfigurationPlatforms) = postSolution
		{055F1916-6065-404C-A62B-5DC0204C9584}.Debug|Any CPU.ActiveCfg = Debug|Any CPU
		{055F1916-6065-404C-A62B-5DC0204C9584}.Debug|Any CPU.Build.0 = Debug|Any CPU
		{055F1916-6065-404C-A62B-5DC0204C9584}.Release|Any CPU.ActiveCfg = Release|Any CPU
		{055F1916-6065-404C-A62B-5DC0204C9584}.Release|Any CPU.Build.0 = Release|Any CPU
		{0A02CB34-7A1D-4C9C-8D27-6AA2F3BF8977}.Debug|Any CPU.ActiveCfg = Debug|Any CPU
		{0A02CB34-7A1D-4C9C-8D27-6AA2F3BF8977}.Debug|Any CPU.Build.0 = Debug|Any CPU
		{0A02CB34-7A1D-4C9C-8D27-6AA2F3BF8977}.Release|Any CPU.ActiveCfg = Release|Any CPU
		{0A02CB34-7A1D-4C9C-8D27-6AA2F3BF8977}.Release|Any CPU.Build.0 = Release|Any CPU
	EndGlobalSection
	GlobalSection(SolutionProperties) = preSolution
		HideSolutionNode = FALSE
	EndGlobalSection
	GlobalSection(ExtensibilityGlobals) = postSolution
		SolutionGuid = {E7579CC7-8C5B-4850-960D-72907D81B6D0}
	EndGlobalSection
EndGlobal
